// !$*UTF8*$!
{
	archiveVersion = 1;
	classes = {
	};
	objectVersion = 46;
	objects = {

/* Begin PBXBuildFile section */
		D8BCE56C17E104DA006BC276 /* UIKit.framework in Frameworks */ = {isa = PBXBuildFile; fileRef = D8BCE56B17E104DA006BC276 /* UIKit.framework */; };
		D8BCE56E17E104DA006BC276 /* Foundation.framework in Frameworks */ = {isa = PBXBuildFile; fileRef = D8BCE56D17E104DA006BC276 /* Foundation.framework */; };
		D8BCE57017E104DA006BC276 /* CoreGraphics.framework in Frameworks */ = {isa = PBXBuildFile; fileRef = D8BCE56F17E104DA006BC276 /* CoreGraphics.framework */; };
		D8BCE57617E104DA006BC276 /* InfoPlist.strings in Resources */ = {isa = PBXBuildFile; fileRef = D8BCE57417E104DA006BC276 /* InfoPlist.strings */; };
		D8BCE57817E104DA006BC276 /* main.m in Sources */ = {isa = PBXBuildFile; fileRef = D8BCE57717E104DA006BC276 /* main.m */; };
		D8BCE57C17E104DA006BC276 /* AppDelegate.m in Sources */ = {isa = PBXBuildFile; fileRef = D8BCE57B17E104DA006BC276 /* AppDelegate.m */; };
		D8BCE57E17E104DA006BC276 /* Default.png in Resources */ = {isa = PBXBuildFile; fileRef = D8BCE57D17E104DA006BC276 /* Default.png */; };
		D8BCE58017E104DA006BC276 /* Default@2x.png in Resources */ = {isa = PBXBuildFile; fileRef = D8BCE57F17E104DA006BC276 /* Default@2x.png */; };
		D8BCE58217E104DA006BC276 /* Default-568h@2x.png in Resources */ = {isa = PBXBuildFile; fileRef = D8BCE58117E104DA006BC276 /* Default-568h@2x.png */; };
		D8BCE58A17E104DA006BC276 /* SenTestingKit.framework in Frameworks */ = {isa = PBXBuildFile; fileRef = D8BCE58917E104DA006BC276 /* SenTestingKit.framework */; };
		D8BCE58B17E104DA006BC276 /* UIKit.framework in Frameworks */ = {isa = PBXBuildFile; fileRef = D8BCE56B17E104DA006BC276 /* UIKit.framework */; };
		D8BCE58C17E104DA006BC276 /* Foundation.framework in Frameworks */ = {isa = PBXBuildFile; fileRef = D8BCE56D17E104DA006BC276 /* Foundation.framework */; };
		D8BCE59417E104DA006BC276 /* InfoPlist.strings in Resources */ = {isa = PBXBuildFile; fileRef = D8BCE59217E104DA006BC276 /* InfoPlist.strings */; };
		D8BCE59717E104DA006BC276 /* testTests.m in Sources */ = {isa = PBXBuildFile; fileRef = D8BCE59617E104DA006BC276 /* testTests.m */; };
/* End PBXBuildFile section */

/* Begin PBXContainerItemProxy section */
		D8BCE58D17E104DA006BC276 /* PBXContainerItemProxy */ = {
			isa = PBXContainerItemProxy;
			containerPortal = D8BCE56017E104D9006BC276 /* Project object */;
			proxyType = 1;
			remoteGlobalIDString = D8BCE56717E104D9006BC276;
			remoteInfo = test;
		};
/* End PBXContainerItemProxy section */

/* Begin PBXFileReference section */
		D8BCE56817E104D9006BC276 /* test.app */ = {isa = PBXFileReference; explicitFileType = wrapper.application; includeInIndex = 0; path = test.app; sourceTree = BUILT_PRODUCTS_DIR; };
		D8BCE56B17E104DA006BC276 /* UIKit.framework */ = {isa = PBXFileReference; lastKnownFileType = wrapper.framework; name = UIKit.framework; path = System/Library/Frameworks/UIKit.framework; sourceTree = SDKROOT; };
		D8BCE56D17E104DA006BC276 /* Foundation.framework */ = {isa = PBXFileReference; lastKnownFileType = wrapper.framework; name = Foundation.framework; path = System/Library/Frameworks/Foundation.framework; sourceTree = SDKROOT; };
		D8BCE56F17E104DA006BC276 /* CoreGraphics.framework */ = {isa = PBXFileReference; lastKnownFileType = wrapper.framework; name = CoreGraphics.framework; path = System/Library/Frameworks/CoreGraphics.framework; sourceTree = SDKROOT; };
		D8BCE57317E104DA006BC276 /* test-Info.plist */ = {isa = PBXFileReference; lastKnownFileType = text.plist.xml; path = "test-Info.plist"; sourceTree = "<group>"; };
		D8BCE57517E104DA006BC276 /* en */ = {isa = PBXFileReference; lastKnownFileType = text.plist.strings; name = en; path = en.lproj/InfoPlist.strings; sourceTree = "<group>"; };
		D8BCE57717E104DA006BC276 /* main.m */ = {isa = PBXFileReference; lastKnownFileType = sourcecode.c.objc; path = main.m; sourceTree = "<group>"; };
		D8BCE57917E104DA006BC276 /* test-Prefix.pch */ = {isa = PBXFileReference; lastKnownFileType = sourcecode.c.h; path = "test-Prefix.pch"; sourceTree = "<group>"; };
		D8BCE57A17E104DA006BC276 /* AppDelegate.h */ = {isa = PBXFileReference; lastKnownFileType = sourcecode.c.h; path = AppDelegate.h; sourceTree = "<group>"; };
		D8BCE57B17E104DA006BC276 /* AppDelegate.m */ = {isa = PBXFileReference; lastKnownFileType = sourcecode.c.objc; path = AppDelegate.m; sourceTree = "<group>"; };
		D8BCE57D17E104DA006BC276 /* Default.png */ = {isa = PBXFileReference; lastKnownFileType = image.png; path = Default.png; sourceTree = "<group>"; };
		D8BCE57F17E104DA006BC276 /* Default@2x.png */ = {isa = PBXFileReference; lastKnownFileType = image.png; path = "Default@2x.png"; sourceTree = "<group>"; };
		D8BCE58117E104DA006BC276 /* Default-568h@2x.png */ = {isa = PBXFileReference; lastKnownFileType = image.png; path = "Default-568h@2x.png"; sourceTree = "<group>"; };
		D8BCE58817E104DA006BC276 /* testTests.octest */ = {isa = PBXFileReference; explicitFileType = wrapper.cfbundle; includeInIndex = 0; path = testTests.octest; sourceTree = BUILT_PRODUCTS_DIR; };
		D8BCE58917E104DA006BC276 /* SenTestingKit.framework */ = {isa = PBXFileReference; lastKnownFileType = wrapper.framework; name = SenTestingKit.framework; path = Library/Frameworks/SenTestingKit.framework; sourceTree = DEVELOPER_DIR; };
		D8BCE59117E104DA006BC276 /* testTests-Info.plist */ = {isa = PBXFileReference; lastKnownFileType = text.plist.xml; path = "testTests-Info.plist"; sourceTree = "<group>"; };
		D8BCE59317E104DA006BC276 /* en */ = {isa = PBXFileReference; lastKnownFileType = text.plist.strings; name = en; path = en.lproj/InfoPlist.strings; sourceTree = "<group>"; };
		D8BCE59517E104DA006BC276 /* testTests.h */ = {isa = PBXFileReference; lastKnownFileType = sourcecode.c.h; path = testTests.h; sourceTree = "<group>"; };
		D8BCE59617E104DA006BC276 /* testTests.m */ = {isa = PBXFileReference; lastKnownFileType = sourcecode.c.objc; path = testTests.m; sourceTree = "<group>"; };
/* End PBXFileReference section */

/* Begin PBXFrameworksBuildPhase section */
		D8BCE56517E104D9006BC276 /* Frameworks */ = {
			isa = PBXFrameworksBuildPhase;
			buildActionMask = 2147483647;
			files = (
				D8BCE56C17E104DA006BC276 /* UIKit.framework in Frameworks */,
				D8BCE56E17E104DA006BC276 /* Foundation.framework in Frameworks */,
				D8BCE57017E104DA006BC276 /* CoreGraphics.framework in Frameworks */,
			);
			runOnlyForDeploymentPostprocessing = 0;
		};
		D8BCE58417E104DA006BC276 /* Frameworks */ = {
			isa = PBXFrameworksBuildPhase;
			buildActionMask = 2147483647;
			files = (
				D8BCE58A17E104DA006BC276 /* SenTestingKit.framework in Frameworks */,
				D8BCE58B17E104DA006BC276 /* UIKit.framework in Frameworks */,
				D8BCE58C17E104DA006BC276 /* Foundation.framework in Frameworks */,
			);
			runOnlyForDeploymentPostprocessing = 0;
		};
/* End PBXFrameworksBuildPhase section */

/* Begin PBXGroup section */
		D8BCE55F17E104D9006BC276 = {
			isa = PBXGroup;
			children = (
				D8BCE57117E104DA006BC276 /* test */,
				D8BCE58F17E104DA006BC276 /* testTests */,
				D8BCE56A17E104D9006BC276 /* Frameworks */,
				D8BCE56917E104D9006BC276 /* Products */,
			);
			sourceTree = "<group>";
		};
		D8BCE56917E104D9006BC276 /* Products */ = {
			isa = PBXGroup;
			children = (
				D8BCE56817E104D9006BC276 /* test.app */,
				D8BCE58817E104DA006BC276 /* testTests.octest */,
			);
			name = Products;
			sourceTree = "<group>";
		};
		D8BCE56A17E104D9006BC276 /* Frameworks */ = {
			isa = PBXGroup;
			children = (
				D8BCE56B17E104DA006BC276 /* UIKit.framework */,
				D8BCE56D17E104DA006BC276 /* Foundation.framework */,
				D8BCE56F17E104DA006BC276 /* CoreGraphics.framework */,
				D8BCE58917E104DA006BC276 /* SenTestingKit.framework */,
			);
			name = Frameworks;
			sourceTree = "<group>";
		};
		D8BCE57117E104DA006BC276 /* test */ = {
			isa = PBXGroup;
			children = (
				D8BCE57A17E104DA006BC276 /* AppDelegate.h */,
				D8BCE57B17E104DA006BC276 /* AppDelegate.m */,
				D8BCE57217E104DA006BC276 /* Supporting Files */,
			);
			path = test;
			sourceTree = "<group>";
		};
		D8BCE57217E104DA006BC276 /* Supporting Files */ = {
			isa = PBXGroup;
			children = (
				D8BCE57317E104DA006BC276 /* test-Info.plist */,
				D8BCE57417E104DA006BC276 /* InfoPlist.strings */,
				D8BCE57717E104DA006BC276 /* main.m */,
				D8BCE57917E104DA006BC276 /* test-Prefix.pch */,
				D8BCE57D17E104DA006BC276 /* Default.png */,
				D8BCE57F17E104DA006BC276 /* Default@2x.png */,
				D8BCE58117E104DA006BC276 /* Default-568h@2x.png */,
			);
			name = "Supporting Files";
			sourceTree = "<group>";
		};
		D8BCE58F17E104DA006BC276 /* testTests */ = {
			isa = PBXGroup;
			children = (
				D8BCE59517E104DA006BC276 /* testTests.h */,
				D8BCE59617E104DA006BC276 /* testTests.m */,
				D8BCE59017E104DA006BC276 /* Supporting Files */,
			);
			path = testTests;
			sourceTree = "<group>";
		};
		D8BCE59017E104DA006BC276 /* Supporting Files */ = {
			isa = PBXGroup;
			children = (
				D8BCE59117E104DA006BC276 /* testTests-Info.plist */,
				D8BCE59217E104DA006BC276 /* InfoPlist.strings */,
			);
			name = "Supporting Files";
			sourceTree = "<group>";
		};
/* End PBXGroup section */

/* Begin PBXNativeTarget section */
		D8BCE56717E104D9006BC276 /* test */ = {
			isa = PBXNativeTarget;
			buildConfigurationList = D8BCE59A17E104DA006BC276 /* Build configuration list for PBXNativeTarget "test" */;
			buildPhases = (
				D8BCE56417E104D9006BC276 /* Sources */,
				D8BCE56517E104D9006BC276 /* Frameworks */,
				D8BCE56617E104D9006BC276 /* Resources */,
			);
			buildRules = (
			);
			dependencies = (
			);
			name = test;
			productName = test;
			productReference = D8BCE56817E104D9006BC276 /* test.app */;
			productType = "com.apple.product-type.application";
		};
		D8BCE58717E104DA006BC276 /* testTests */ = {
			isa = PBXNativeTarget;
			buildConfigurationList = D8BCE59D17E104DA006BC276 /* Build configuration list for PBXNativeTarget "testTests" */;
			buildPhases = (
				D8BCE58317E104DA006BC276 /* Sources */,
				D8BCE58417E104DA006BC276 /* Frameworks */,
				D8BCE58517E104DA006BC276 /* Resources */,
				D8BCE58617E104DA006BC276 /* ShellScript */,
			);
			buildRules = (
			);
			dependencies = (
				D8BCE58E17E104DA006BC276 /* PBXTargetDependency */,
			);
			name = testTests;
			productName = testTests;
			productReference = D8BCE58817E104DA006BC276 /* testTests.octest */;
			productType = "com.apple.product-type.bundle";
		};
/* End PBXNativeTarget section */

/* Begin PBXProject section */
		D8BCE56017E104D9006BC276 /* Project object */ = {
			isa = PBXProject;
			attributes = {
				LastUpgradeCheck = 0460;
				ORGANIZATIONNAME = "Nathan Warnberg";
			};
			buildConfigurationList = D8BCE56317E104D9006BC276 /* Build configuration list for PBXProject "test" */;
			compatibilityVersion = "Xcode 3.2";
			developmentRegion = English;
			hasScannedForEncodings = 0;
			knownRegions = (
				en,
			);
			mainGroup = D8BCE55F17E104D9006BC276;
			productRefGroup = D8BCE56917E104D9006BC276 /* Products */;
			projectDirPath = "";
			projectRoot = "";
			targets = (
				D8BCE56717E104D9006BC276 /* test */,
				D8BCE58717E104DA006BC276 /* testTests */,
			);
		};
/* End PBXProject section */

/* Begin PBXResourcesBuildPhase section */
		D8BCE56617E104D9006BC276 /* Resources */ = {
			isa = PBXResourcesBuildPhase;
			buildActionMask = 2147483647;
			files = (
				D8BCE57617E104DA006BC276 /* InfoPlist.strings in Resources */,
				D8BCE57E17E104DA006BC276 /* Default.png in Resources */,
				D8BCE58017E104DA006BC276 /* Default@2x.png in Resources */,
				D8BCE58217E104DA006BC276 /* Default-568h@2x.png in Resources */,
			);
			runOnlyForDeploymentPostprocessing = 0;
		};
		D8BCE58517E104DA006BC276 /* Resources */ = {
			isa = PBXResourcesBuildPhase;
			buildActionMask = 2147483647;
			files = (
				D8BCE59417E104DA006BC276 /* InfoPlist.strings in Resources */,
			);
			runOnlyForDeploymentPostprocessing = 0;
		};
/* End PBXResourcesBuildPhase section */

/* Begin PBXShellScriptBuildPhase section */
		D8BCE58617E104DA006BC276 /* ShellScript */ = {
			isa = PBXShellScriptBuildPhase;
			buildActionMask = 2147483647;
			files = (
			);
			inputPaths = (
			);
			outputPaths = (
			);
			runOnlyForDeploymentPostprocessing = 0;
			shellPath = /bin/sh;
			shellScript = "# Run the unit tests in this test bundle.\n\"${SYSTEM_DEVELOPER_DIR}/Tools/RunUnitTests\"\n";
		};
/* End PBXShellScriptBuildPhase section */

/* Begin PBXSourcesBuildPhase section */
		D8BCE56417E104D9006BC276 /* Sources */ = {
			isa = PBXSourcesBuildPhase;
			buildActionMask = 2147483647;
			files = (
				D8BCE57817E104DA006BC276 /* main.m in Sources */,
				D8BCE57C17E104DA006BC276 /* AppDelegate.m in Sources */,
			);
			runOnlyForDeploymentPostprocessing = 0;
		};
		D8BCE58317E104DA006BC276 /* Sources */ = {
			isa = PBXSourcesBuildPhase;
			buildActionMask = 2147483647;
			files = (
				D8BCE59717E104DA006BC276 /* testTests.m in Sources */,
			);
			runOnlyForDeploymentPostprocessing = 0;
		};
/* End PBXSourcesBuildPhase section */

/* Begin PBXTargetDependency section */
		D8BCE58E17E104DA006BC276 /* PBXTargetDependency */ = {
			isa = PBXTargetDependency;
			target = D8BCE56717E104D9006BC276 /* test */;
			targetProxy = D8BCE58D17E104DA006BC276 /* PBXContainerItemProxy */;
		};
/* End PBXTargetDependency section */

/* Begin PBXVariantGroup section */
		D8BCE57417E104DA006BC276 /* InfoPlist.strings */ = {
			isa = PBXVariantGroup;
			children = (
				D8BCE57517E104DA006BC276 /* en */,
			);
			name = InfoPlist.strings;
			sourceTree = "<group>";
		};
		D8BCE59217E104DA006BC276 /* InfoPlist.strings */ = {
			isa = PBXVariantGroup;
			children = (
				D8BCE59317E104DA006BC276 /* en */,
			);
			name = InfoPlist.strings;
			sourceTree = "<group>";
		};
/* End PBXVariantGroup section */

/* Begin XCBuildConfiguration section */
		D8BCE59817E104DA006BC276 /* Debug */ = {
			isa = XCBuildConfiguration;
			buildSettings = {
				ALWAYS_SEARCH_USER_PATHS = NO;
				CLANG_CXX_LANGUAGE_STANDARD = "gnu++0x";
				CLANG_CXX_LIBRARY = "libc++";
				CLANG_ENABLE_OBJC_ARC = YES;
				CLANG_WARN_CONSTANT_CONVERSION = YES;
				CLANG_WARN_EMPTY_BODY = YES;
				CLANG_WARN_ENUM_CONVERSION = YES;
				CLANG_WARN_INT_CONVERSION = YES;
				CLANG_WARN__DUPLICATE_METHOD_MATCH = YES;
				"CODE_SIGN_IDENTITY[sdk=iphoneos*]" = "iPhone Developer";
				COPY_PHASE_STRIP = NO;
				GCC_C_LANGUAGE_STANDARD = gnu99;
				GCC_DYNAMIC_NO_PIC = NO;
				GCC_OPTIMIZATION_LEVEL = 0;
				GCC_PREPROCESSOR_DEFINITIONS = (
					"DEBUG=1",
					"$(inherited)",
				);
				GCC_SYMBOLS_PRIVATE_EXTERN = NO;
				GCC_WARN_ABOUT_RETURN_TYPE = YES;
				GCC_WARN_UNINITIALIZED_AUTOS = YES;
				GCC_WARN_UNUSED_VARIABLE = YES;
				IPHONEOS_DEPLOYMENT_TARGET = 6.1;
				ONLY_ACTIVE_ARCH = YES;
				SDKROOT = iphoneos;
				TARGETED_DEVICE_FAMILY = "1,2";
			};
			name = Debug;
		};
		D8BCE59917E104DA006BC276 /* Release */ = {
			isa = XCBuildConfiguration;
			buildSettings = {
				ALWAYS_SEARCH_USER_PATHS = NO;
				CLANG_CXX_LANGUAGE_STANDARD = "gnu++0x";
				CLANG_CXX_LIBRARY = "libc++";
				CLANG_ENABLE_OBJC_ARC = YES;
				CLANG_WARN_CONSTANT_CONVERSION = YES;
				CLANG_WARN_EMPTY_BODY = YES;
				CLANG_WARN_ENUM_CONVERSION = YES;
				CLANG_WARN_INT_CONVERSION = YES;
				CLANG_WARN__DUPLICATE_METHOD_MATCH = YES;
				"CODE_SIGN_IDENTITY[sdk=iphoneos*]" = "iPhone Developer";
				COPY_PHASE_STRIP = YES;
				GCC_C_LANGUAGE_STANDARD = gnu99;
				GCC_WARN_ABOUT_RETURN_TYPE = YES;
				GCC_WARN_UNINITIALIZED_AUTOS = YES;
				GCC_WARN_UNUSED_VARIABLE = YES;
				IPHONEOS_DEPLOYMENT_TARGET = 6.1;
				OTHER_CFLAGS = "-DNS_BLOCK_ASSERTIONS=1";
				SDKROOT = iphoneos;
				TARGETED_DEVICE_FAMILY = "1,2";
				VALIDATE_PRODUCT = YES;
			};
			name = Release;
		};
		D8BCE59B17E104DA006BC276 /* Debug */ = {
			isa = XCBuildConfiguration;
			buildSettings = {
				GCC_PRECOMPILE_PREFIX_HEADER = YES;
				GCC_PREFIX_HEADER = "test/test-Prefix.pch";
				INFOPLIST_FILE = "test/test-Info.plist";
				PRODUCT_NAME = "$(TARGET_NAME)";
				WRAPPER_EXTENSION = app;
			};
			name = Debug;
		};
		D8BCE59C17E104DA006BC276 /* Release */ = {
			isa = XCBuildConfiguration;
			buildSettings = {
				GCC_PRECOMPILE_PREFIX_HEADER = YES;
				GCC_PREFIX_HEADER = "test/test-Prefix.pch";
				INFOPLIST_FILE = "test/test-Info.plist";
				PRODUCT_NAME = "$(TARGET_NAME)";
				WRAPPER_EXTENSION = app;
			};
			name = Release;
		};
		D8BCE59E17E104DA006BC276 /* Debug */ = {
			isa = XCBuildConfiguration;
			buildSettings = {
				BUNDLE_LOADER = "$(BUILT_PRODUCTS_DIR)/test.app/test";
				FRAMEWORK_SEARCH_PATHS = (
					"\"$(SDKROOT)/Developer/Library/Frameworks\"",
					"\"$(DEVELOPER_LIBRARY_DIR)/Frameworks\"",
				);
				GCC_PRECOMPILE_PREFIX_HEADER = YES;
				GCC_PREFIX_HEADER = "test/test-Prefix.pch";
				INFOPLIST_FILE = "testTests/testTests-Info.plist";
				PRODUCT_NAME = "$(TARGET_NAME)";
				TEST_HOST = "$(BUNDLE_LOADER)";
				WRAPPER_EXTENSION = octest;
			};
			name = Debug;
		};
		D8BCE59F17E104DA006BC276 /* Release */ = {
			isa = XCBuildConfiguration;
			buildSettings = {
				BUNDLE_LOADER = "$(BUILT_PRODUCTS_DIR)/test.app/test";
				FRAMEWORK_SEARCH_PATHS = (
					"\"$(SDKROOT)/Developer/Library/Frameworks\"",
					"\"$(DEVELOPER_LIBRARY_DIR)/Frameworks\"",
				);
				GCC_PRECOMPILE_PREFIX_HEADER = YES;
				GCC_PREFIX_HEADER = "test/test-Prefix.pch";
				INFOPLIST_FILE = "testTests/testTests-Info.plist";
				PRODUCT_NAME = "$(TARGET_NAME)";
				TEST_HOST = "$(BUNDLE_LOADER)";
				WRAPPER_EXTENSION = octest;
			};
			name = Release;
		};
/* End XCBuildConfiguration section */

/* Begin XCConfigurationList section */
		D8BCE56317E104D9006BC276 /* Build configuration list for PBXProject "test" */ = {
			isa = XCConfigurationList;
			buildConfigurations = (
				D8BCE59817E104DA006BC276 /* Debug */,
				D8BCE59917E104DA006BC276 /* Release */,
			);
			defaultConfigurationIsVisible = 0;
			defaultConfigurationName = Release;
		};
		D8BCE59A17E104DA006BC276 /* Build configuration list for PBXNativeTarget "test" */ = {
			isa = XCConfigurationList;
			buildConfigurations = (
				D8BCE59B17E104DA006BC276 /* Debug */,
				D8BCE59C17E104DA006BC276 /* Release */,
			);
			defaultConfigurationIsVisible = 0;
		};
		D8BCE59D17E104DA006BC276 /* Build configuration list for PBXNativeTarget "testTests" */ = {
			isa = XCConfigurationList;
			buildConfigurations = (
				D8BCE59E17E104DA006BC276 /* Debug */,
				D8BCE59F17E104DA006BC276 /* Release */,
			);
			defaultConfigurationIsVisible = 0;
		};
/* End XCConfigurationList section */
	};
	rootObject = D8BCE56017E104D9006BC276 /* Project object */;
}
